
Microsoft Visual Studio Solution File, Format Version 12.00
# Visual Studio Version 17
VisualStudioVersion = 17.3.32519.111
MinimumVisualStudioVersion = 10.0.40219.1
Project("{2150E333-8FDC-42A3-9474-1A3956D46DE8}") = "Core", "Core", "{F0437165-ACF1-4BB5-A469-8472F31668E4}"
EndProject
Project("{2150E333-8FDC-42A3-9474-1A3956D46DE8}") = "Infrastructure", "Infrastructure", "{DE22B4DD-D8F9-436C-864C-DEEA0C61B5DE}"
EndProject
Project("{2150E333-8FDC-42A3-9474-1A3956D46DE8}") = "Web", "Web", "{3D1C2B6F-1B57-4A6C-8221-769BA2A67E1E}"
EndProject
Project("{2150E333-8FDC-42A3-9474-1A3956D46DE8}") = "src", "src", "{13D1A4B9-6D90-4F37-9C02-FC86976D7195}"
EndProject
Project("{2150E333-8FDC-42A3-9474-1A3956D46DE8}") = "test", "test", "{B80C49BA-F3FA-46E3-8C6C-BD6FDA6392D4}"
EndProject
Project("{2150E333-8FDC-42A3-9474-1A3956D46DE8}") = "classic", "classic", "{5C23A043-AC77-4B11-BA97-82210AB6E9C3}"
EndProject
Project("{2150E333-8FDC-42A3-9474-1A3956D46DE8}") = "clean-architecture", "clean-architecture", "{B5E310B6-61CA-43D8-A5AF-C94A303AA807}"
EndProject
Project("{9A19103F-16F7-4668-BE54-9A1E7A4F7556}") = "Demo.Application", "src\Core\Demo.Application\Demo.Application.csproj", "{F77A494A-2491-4CE8-BC0A-CCE585A1201C}"
EndProject
Project("{9A19103F-16F7-4668-BE54-9A1E7A4F7556}") = "Demo.Domain", "src\Core\Demo.Domain\Demo.Domain.csproj", "{A166DD0C-54C1-4705-B521-E056B0E5A5C6}"
EndProject
Project("{9A19103F-16F7-4668-BE54-9A1E7A4F7556}") = "Demo.Infrastructure", "src\Infrastructure\Demo.Infrastructure\Demo.Infrastructure.csproj", "{849A504C-F474-4F5F-A539-D5AF0D0341BC}"
EndProject
Project("{FAE04EC0-301F-11D3-BF4B-00C04F79EFBC}") = "Demo.WebApi", "src\Web\Demo.WebApi\Demo.WebApi.csproj", "{4353F0A3-0D06-4100-A57D-56A8A1102EB7}"
EndProject
Project("{9A19103F-16F7-4668-BE54-9A1E7A4F7556}") = "Demo.Api", "classic\Demo.Api\Demo.Api.csproj", "{2E99E87E-8C9B-4546-BA4D-78EE24949529}"
EndProject
Global
	GlobalSection(SolutionConfigurationPlatforms) = preSolution
		Debug|Any CPU = Debug|Any CPU
		Release|Any CPU = Release|Any CPU
	EndGlobalSection
	GlobalSection(ProjectConfigurationPlatforms) = postSolution
		{F77A494A-2491-4CE8-BC0A-CCE585A1201C}.Debug|Any CPU.ActiveCfg = Debug|Any CPU
		{F77A494A-2491-4CE8-BC0A-CCE585A1201C}.Debug|Any CPU.Build.0 = Debug|Any CPU
		{F77A494A-2491-4CE8-BC0A-CCE585A1201C}.Release|Any CPU.ActiveCfg = Release|Any CPU
		{F77A494A-2491-4CE8-BC0A-CCE585A1201C}.Release|Any CPU.Build.0 = Release|Any CPU
		{A166DD0C-54C1-4705-B521-E056B0E5A5C6}.Debug|Any CPU.ActiveCfg = Debug|Any CPU
		{A166DD0C-54C1-4705-B521-E056B0E5A5C6}.Debug|Any CPU.Build.0 = Debug|Any CPU
		{A166DD0C-54C1-4705-B521-E056B0E5A5C6}.Release|Any CPU.ActiveCfg = Release|Any CPU
		{A166DD0C-54C1-4705-B521-E056B0E5A5C6}.Release|Any CPU.Build.0 = Release|Any CPU
		{849A504C-F474-4F5F-A539-D5AF0D0341BC}.Debug|Any CPU.ActiveCfg = Debug|Any CPU
		{849A504C-F474-4F5F-A539-D5AF0D0341BC}.Debug|Any CPU.Build.0 = Debug|Any CPU
		{849A504C-F474-4F5F-A539-D5AF0D0341BC}.Release|Any CPU.ActiveCfg = Release|Any CPU
		{849A504C-F474-4F5F-A539-D5AF0D0341BC}.Release|Any CPU.Build.0 = Release|Any CPU
		{4353F0A3-0D06-4100-A57D-56A8A1102EB7}.Debug|Any CPU.ActiveCfg = Debug|Any CPU
		{4353F0A3-0D06-4100-A57D-56A8A1102EB7}.Debug|Any CPU.Build.0 = Debug|Any CPU
		{4353F0A3-0D06-4100-A57D-56A8A1102EB7}.Release|Any CPU.ActiveCfg = Release|Any CPU
		{4353F0A3-0D06-4100-A57D-56A8A1102EB7}.Release|Any CPU.Build.0 = Release|Any CPU
		{2E99E87E-8C9B-4546-BA4D-78EE24949529}.Debug|Any CPU.ActiveCfg = Debug|Any CPU
		{2E99E87E-8C9B-4546-BA4D-78EE24949529}.Debug|Any CPU.Build.0 = Debug|Any CPU
		{2E99E87E-8C9B-4546-BA4D-78EE24949529}.Release|Any CPU.ActiveCfg = Release|Any CPU
		{2E99E87E-8C9B-4546-BA4D-78EE24949529}.Release|Any CPU.Build.0 = Release|Any CPU
	EndGlobalSection
	GlobalSection(SolutionProperties) = preSolution
		HideSolutionNode = FALSE
	EndGlobalSection
	GlobalSection(NestedProjects) = preSolution
		{F0437165-ACF1-4BB5-A469-8472F31668E4} = {13D1A4B9-6D90-4F37-9C02-FC86976D7195}
		{DE22B4DD-D8F9-436C-864C-DEEA0C61B5DE} = {13D1A4B9-6D90-4F37-9C02-FC86976D7195}
		{3D1C2B6F-1B57-4A6C-8221-769BA2A67E1E} = {13D1A4B9-6D90-4F37-9C02-FC86976D7195}
		{13D1A4B9-6D90-4F37-9C02-FC86976D7195} = {B5E310B6-61CA-43D8-A5AF-C94A303AA807}
		{B80C49BA-F3FA-46E3-8C6C-BD6FDA6392D4} = {B5E310B6-61CA-43D8-A5AF-C94A303AA807}
		{F77A494A-2491-4CE8-BC0A-CCE585A1201C} = {F0437165-ACF1-4BB5-A469-8472F31668E4}
		{A166DD0C-54C1-4705-B521-E056B0E5A5C6} = {F0437165-ACF1-4BB5-A469-8472F31668E4}
		{849A504C-F474-4F5F-A539-D5AF0D0341BC} = {DE22B4DD-D8F9-436C-864C-DEEA0C61B5DE}
		{4353F0A3-0D06-4100-A57D-56A8A1102EB7} = {3D1C2B6F-1B57-4A6C-8221-769BA2A67E1E}
		{2E99E87E-8C9B-4546-BA4D-78EE24949529} = {5C23A043-AC77-4B11-BA97-82210AB6E9C3}
	EndGlobalSection
	GlobalSection(ExtensibilityGlobals) = postSolution
		SolutionGuid = {0E82DD80-BDD6-4025-89DC-F7F50161FEB3}
	EndGlobalSection
EndGlobal
